
Microsoft Visual Studio Solution File, Format Version 12.00
# Visual Studio Version 17
VisualStudioVersion = 17.11.35327.3
MinimumVisualStudioVersion = 10.0.40219.1
Project("{FAE04EC0-301F-11D3-BF4B-00C04F79EFBC}") = "GoodHamburger.Infrastructure", "GoodHamburger.Infrastructure\GoodHamburger.Infrastructure.csproj", "{DCBA5945-B1CE-4344-8A1D-81BEB0D04406}"
EndProject
Project("{FAE04EC0-301F-11D3-BF4B-00C04F79EFBC}") = "GoodHamburger.Core", "GoodHamburger.Core\GoodHamburger.Core.csproj", "{9CF337ED-064B-400D-9691-8CE477E7357A}"
EndProject
Project("{FAE04EC0-301F-11D3-BF4B-00C04F79EFBC}") = "GoodHamburger.Domain", "GoodHamburger.Domain\GoodHamburger.Domain.csproj", "{B35A8023-0C38-4027-95C8-23C0DFEF27D1}"
EndProject
Project("{FAE04EC0-301F-11D3-BF4B-00C04F79EFBC}") = "GoodHamburger.API", "GoodHamburger.API\GoodHamburger.API.csproj", "{75425D3C-D95C-4766-8189-1BC8010B0785}"
EndProject
Project("{FAE04EC0-301F-11D3-BF4B-00C04F79EFBC}") = "GoodHamburger.Test", "GoodHamburger.Test\GoodHamburger.Test.csproj", "{F3501601-42A3-44AC-8ACB-1879E92399DF}"
EndProject
Global
	GlobalSection(SolutionConfigurationPlatforms) = preSolution
		Debug|Any CPU = Debug|Any CPU
		Release|Any CPU = Release|Any CPU
	EndGlobalSection
	GlobalSection(ProjectConfigurationPlatforms) = postSolution
		{DCBA5945-B1CE-4344-8A1D-81BEB0D04406}.Debug|Any CPU.ActiveCfg = Debug|Any CPU
		{DCBA5945-B1CE-4344-8A1D-81BEB0D04406}.Debug|Any CPU.Build.0 = Debug|Any CPU
		{DCBA5945-B1CE-4344-8A1D-81BEB0D04406}.Release|Any CPU.ActiveCfg = Release|Any CPU
		{DCBA5945-B1CE-4344-8A1D-81BEB0D04406}.Release|Any CPU.Build.0 = Release|Any CPU
		{9CF337ED-064B-400D-9691-8CE477E7357A}.Debug|Any CPU.ActiveCfg = Debug|Any CPU
		{9CF337ED-064B-400D-9691-8CE477E7357A}.Debug|Any CPU.Build.0 = Debug|Any CPU
		{9CF337ED-064B-400D-9691-8CE477E7357A}.Release|Any CPU.ActiveCfg = Release|Any CPU
		{9CF337ED-064B-400D-9691-8CE477E7357A}.Release|Any CPU.Build.0 = Release|Any CPU
		{B35A8023-0C38-4027-95C8-23C0DFEF27D1}.Debug|Any CPU.ActiveCfg = Debug|Any CPU
		{B35A8023-0C38-4027-95C8-23C0DFEF27D1}.Debug|Any CPU.Build.0 = Debug|Any CPU
		{B35A8023-0C38-4027-95C8-23C0DFEF27D1}.Release|Any CPU.ActiveCfg = Release|Any CPU
		{B35A8023-0C38-4027-95C8-23C0DFEF27D1}.Release|Any CPU.Build.0 = Release|Any CPU
		{75425D3C-D95C-4766-8189-1BC8010B0785}.Debug|Any CPU.ActiveCfg = Debug|Any CPU
		{75425D3C-D95C-4766-8189-1BC8010B0785}.Debug|Any CPU.Build.0 = Debug|Any CPU
		{75425D3C-D95C-4766-8189-1BC8010B0785}.Release|Any CPU.ActiveCfg = Release|Any CPU
		{75425D3C-D95C-4766-8189-1BC8010B0785}.Release|Any CPU.Build.0 = Release|Any CPU
		{F3501601-42A3-44AC-8ACB-1879E92399DF}.Debug|Any CPU.ActiveCfg = Debug|Any CPU
		{F3501601-42A3-44AC-8ACB-1879E92399DF}.Debug|Any CPU.Build.0 = Debug|Any CPU
		{F3501601-42A3-44AC-8ACB-1879E92399DF}.Release|Any CPU.ActiveCfg = Release|Any CPU
		{F3501601-42A3-44AC-8ACB-1879E92399DF}.Release|Any CPU.Build.0 = Release|Any CPU
	EndGlobalSection
	GlobalSection(SolutionProperties) = preSolution
		HideSolutionNode = FALSE
	EndGlobalSection
	GlobalSection(ExtensibilityGlobals) = postSolution
		SolutionGuid = {37360177-D10B-4D72-AF4F-9D562EA0B162}
	EndGlobalSection
EndGlobal
